
Microsoft Visual Studio Solution File, Format Version 12.00
# Visual Studio Version 16
VisualStudioVersion = 16.0.30804.86
MinimumVisualStudioVersion = 10.0.40219.1
Project("{FAE04EC0-301F-11D3-BF4B-00C04F79EFBC}") = "TiendaVirtual", "TiendaVirtual\TiendaVirtual.csproj", "{D2D8CAC3-00C0-4051-A55F-FEBF1091C5EA}"
EndProject
Project("{FAE04EC0-301F-11D3-BF4B-00C04F79EFBC}") = "ViewTiendaVirtual", "ViewTiendaVirtual\ViewTiendaVirtual.csproj", "{AE104DB9-9CB1-4174-8862-D5477E21523E}"
EndProject
Global
	GlobalSection(SolutionConfigurationPlatforms) = preSolution
		Debug|Any CPU = Debug|Any CPU
		Release|Any CPU = Release|Any CPU
	EndGlobalSection
	GlobalSection(ProjectConfigurationPlatforms) = postSolution
		{D2D8CAC3-00C0-4051-A55F-FEBF1091C5EA}.Debug|Any CPU.ActiveCfg = Debug|Any CPU
		{D2D8CAC3-00C0-4051-A55F-FEBF1091C5EA}.Debug|Any CPU.Build.0 = Debug|Any CPU
		{D2D8CAC3-00C0-4051-A55F-FEBF1091C5EA}.Release|Any CPU.ActiveCfg = Release|Any CPU
		{D2D8CAC3-00C0-4051-A55F-FEBF1091C5EA}.Release|Any CPU.Build.0 = Release|Any CPU
		{AE104DB9-9CB1-4174-8862-D5477E21523E}.Debug|Any CPU.ActiveCfg = Debug|Any CPU
		{AE104DB9-9CB1-4174-8862-D5477E21523E}.Debug|Any CPU.Build.0 = Debug|Any CPU
		{AE104DB9-9CB1-4174-8862-D5477E21523E}.Release|Any CPU.ActiveCfg = Release|Any CPU
		{AE104DB9-9CB1-4174-8862-D5477E21523E}.Release|Any CPU.Build.0 = Release|Any CPU
	EndGlobalSection
	GlobalSection(SolutionProperties) = preSolution
		HideSolutionNode = FALSE
	EndGlobalSection
	GlobalSection(ExtensibilityGlobals) = postSolution
		SolutionGuid = {1CB6DD19-F4E1-4FE5-8B2F-B909D85EBBD5}
	EndGlobalSection
EndGlobal
